{
    "name": "keepie",
    "version": "0.0.1",
    "lockfileVersion": 1,
    "requires": true,
    "dependencies": {
        "accepts": {
            "version": "1.3.5",
            "resolved": "https://registry.npmjs.org/accepts/-/accepts-1.3.5.tgz",
            "integrity": "sha1-63d99gEXI6OxTopywIBcjoZ0a9I=",
            "requires": {
                "mime-types": "2.1.18",
                "negotiator": "0.6.1"
            }
        },
        "append-field": {
            "version": "0.1.0",
            "resolved": "https://registry.npmjs.org/append-field/-/append-field-0.1.0.tgz",
            "integrity": "sha1-bdxY+gg8e8VF08WZWygwzCNm1Eo="
        },
        "array-flatten": {
            "version": "1.1.1",
            "resolved": "https://registry.npmjs.org/array-flatten/-/array-flatten-1.1.1.tgz",
            "integrity": "sha1-ml9pkFGx5wczKPKgCJaLZOopVdI="
        },
        "assert-promise": {
            "version": "0.0.3",
            "resolved": "https://registry.npmjs.org/assert-promise/-/assert-promise-0.0.3.tgz",
            "integrity": "sha1-IEprlD5k0vbR19MHfkFp/h01FeU=",
            "dev": true
        },
        "asynckit": {
            "version": "0.4.0",
            "resolved": "https://registry.npmjs.org/asynckit/-/asynckit-0.4.0.tgz",
            "integrity": "sha1-x57Zf380y48robyXkLzDZkdLS3k="
        },
        "batch": {
            "version": "0.5.3",
            "resolved": "https://registry.npmjs.org/batch/-/batch-0.5.3.tgz",
            "integrity": "sha1-PzQU84AyF0O/wQQvmoP/HVgk1GQ="
        },
        "bcrypt": {
            "version": "2.0.1",
            "resolved": "https://registry.npmjs.org/bcrypt/-/bcrypt-2.0.1.tgz",
            "integrity": "sha512-DwB7WgJPdskbR+9Y3OTJtwRq09Lmm7Na6b+4ewvXjkD0nfNRi1OozxljHm5ETlDCBq9DTy04lQz+rj+T2ztIJg==",
            "requires": {
                "nan": "2.10.0",
                "node-pre-gyp": "0.9.1"
            },
            "dependencies": {
                "abbrev": {
                    "version": "1.1.1",
                    "bundled": true
                },
                "ansi-regex": {
                    "version": "2.1.1",
                    "bundled": true
                },
                "aproba": {
                    "version": "1.2.0",
                    "bundled": true
                },
                "are-we-there-yet": {
                    "version": "1.1.4",
                    "bundled": true,
                    "requires": {
                        "delegates": "1.0.0",
                        "readable-stream": "2.3.5"
                    }
                },
                "balanced-match": {
                    "version": "1.0.0",
                    "bundled": true
                },
                "brace-expansion": {
                    "version": "1.1.11",
                    "bundled": true,
                    "requires": {
                        "balanced-match": "1.0.0",
                        "concat-map": "0.0.1"
                    }
                },
                "chownr": {
                    "version": "1.0.1",
                    "bundled": true
                },
                "code-point-at": {
                    "version": "1.1.0",
                    "bundled": true
                },
                "concat-map": {
                    "version": "0.0.1",
                    "bundled": true
                },
                "console-control-strings": {
                    "version": "1.1.0",
                    "bundled": true
                },
                "core-util-is": {
                    "version": "1.0.2",
                    "bundled": true
                },
                "debug": {
                    "version": "2.6.9",
                    "bundled": true,
                    "requires": {
                        "ms": "2.0.0"
                    }
                },
                "deep-extend": {
                    "version": "0.4.2",
                    "bundled": true
                },
                "delegates": {
                    "version": "1.0.0",
                    "bundled": true
                },
                "detect-libc": {
                    "version": "1.0.3",
                    "bundled": true
                },
                "fs-minipass": {
                    "version": "1.2.5",
                    "bundled": true,
                    "requires": {
                        "minipass": "2.2.4"
                    }
                },
                "fs.realpath": {
                    "version": "1.0.0",
                    "bundled": true
                },
                "gauge": {
                    "version": "2.7.4",
                    "bundled": true,
                    "requires": {
                        "aproba": "1.2.0",
                        "console-control-strings": "1.1.0",
                        "has-unicode": "2.0.1",
                        "object-assign": "4.1.1",
                        "signal-exit": "3.0.2",
                        "string-width": "1.0.2",
                        "strip-ansi": "3.0.1",
                        "wide-align": "1.1.2"
                    }
                },
                "glob": {
                    "version": "7.1.2",
                    "bundled": true,
                    "requires": {
                        "fs.realpath": "1.0.0",
                        "inflight": "1.0.6",
                        "inherits": "2.0.3",
                        "minimatch": "3.0.4",
                        "once": "1.4.0",
                        "path-is-absolute": "1.0.1"
                    }
                },
                "has-unicode": {
                    "version": "2.0.1",
                    "bundled": true
                },
                "iconv-lite": {
                    "version": "0.4.21",
                    "bundled": true,
                    "requires": {
                        "safer-buffer": "2.1.2"
                    }
                },
                "ignore-walk": {
                    "version": "3.0.1",
                    "bundled": true,
                    "requires": {
                        "minimatch": "3.0.4"
                    }
                },
                "inflight": {
                    "version": "1.0.6",
                    "bundled": true,
                    "requires": {
                        "once": "1.4.0",
                        "wrappy": "1.0.2"
                    }
                },
                "inherits": {
                    "version": "2.0.3",
                    "bundled": true
                },
                "ini": {
                    "version": "1.3.5",
                    "bundled": true
                },
                "is-fullwidth-code-point": {
                    "version": "1.0.0",
                    "bundled": true,
                    "requires": {
                        "number-is-nan": "1.0.1"
                    }
                },
                "isarray": {
                    "version": "1.0.0",
                    "bundled": true
                },
                "minimatch": {
                    "version": "3.0.4",
                    "bundled": true,
                    "requires": {
                        "brace-expansion": "1.1.11"
                    }
                },
                "minimist": {
                    "version": "0.0.8",
                    "bundled": true
                },
                "minipass": {
                    "version": "2.2.4",
                    "bundled": true,
                    "requires": {
                        "safe-buffer": "5.1.1",
                        "yallist": "3.0.2"
                    },
                    "dependencies": {
                        "yallist": {
                            "version": "3.0.2",
                            "bundled": true
                        }
                    }
                },
                "minizlib": {
                    "version": "1.1.0",
                    "bundled": true,
                    "requires": {
                        "minipass": "2.2.4"
                    }
                },
                "mkdirp": {
                    "version": "0.5.1",
                    "bundled": true,
                    "requires": {
                        "minimist": "0.0.8"
                    }
                },
                "ms": {
                    "version": "2.0.0",
                    "bundled": true
                },
                "needle": {
                    "version": "2.2.0",
                    "bundled": true,
                    "requires": {
                        "debug": "2.6.9",
                        "iconv-lite": "0.4.21",
                        "sax": "1.2.4"
                    }
                },
                "node-pre-gyp": {
                    "version": "0.9.1",
                    "bundled": true,
                    "requires": {
                        "detect-libc": "1.0.3",
                        "mkdirp": "0.5.1",
                        "needle": "2.2.0",
                        "nopt": "4.0.1",
                        "npm-packlist": "1.1.10",
                        "npmlog": "4.1.2",
                        "rc": "1.2.6",
                        "rimraf": "2.6.2",
                        "semver": "5.5.0",
                        "tar": "4.4.1"
                    }
                },
                "nopt": {
                    "version": "4.0.1",
                    "bundled": true,
                    "requires": {
                        "abbrev": "1.1.1",
                        "osenv": "0.1.5"
                    }
                },
                "npm-bundled": {
                    "version": "1.0.3",
                    "bundled": true
                },
                "npm-packlist": {
                    "version": "1.1.10",
                    "bundled": true,
                    "requires": {
                        "ignore-walk": "3.0.1",
                        "npm-bundled": "1.0.3"
                    }
                },
                "npmlog": {
                    "version": "4.1.2",
                    "bundled": true,
                    "requires": {
                        "are-we-there-yet": "1.1.4",
                        "console-control-strings": "1.1.0",
                        "gauge": "2.7.4",
                        "set-blocking": "2.0.0"
                    }
                },
                "number-is-nan": {
                    "version": "1.0.1",
                    "bundled": true
                },
                "object-assign": {
                    "version": "4.1.1",
                    "bundled": true
                },
                "once": {
                    "version": "1.4.0",
                    "bundled": true,
                    "requires": {
                        "wrappy": "1.0.2"
                    }
                },
                "os-homedir": {
                    "version": "1.0.2",
                    "bundled": true
                },
                "os-tmpdir": {
                    "version": "1.0.2",
                    "bundled": true
                },
                "osenv": {
                    "version": "0.1.5",
                    "bundled": true,
                    "requires": {
                        "os-homedir": "1.0.2",
                        "os-tmpdir": "1.0.2"
                    }
                },
                "path-is-absolute": {
                    "version": "1.0.1",
                    "bundled": true
                },
                "process-nextick-args": {
                    "version": "2.0.0",
                    "bundled": true
                },
                "rc": {
                    "version": "1.2.6",
                    "bundled": true,
                    "requires": {
                        "deep-extend": "0.4.2",
                        "ini": "1.3.5",
                        "minimist": "1.2.0",
                        "strip-json-comments": "2.0.1"
                    },
                    "dependencies": {
                        "minimist": {
                            "version": "1.2.0",
                            "bundled": true
                        }
                    }
                },
                "readable-stream": {
                    "version": "2.3.5",
                    "bundled": true,
                    "requires": {
                        "core-util-is": "1.0.2",
                        "inherits": "2.0.3",
                        "isarray": "1.0.0",
                        "process-nextick-args": "2.0.0",
                        "safe-buffer": "5.1.1",
                        "string_decoder": "1.0.3",
                        "util-deprecate": "1.0.2"
                    }
                },
                "rimraf": {
                    "version": "2.6.2",
                    "bundled": true,
                    "requires": {
                        "glob": "7.1.2"
                    }
                },
                "safe-buffer": {
                    "version": "5.1.1",
                    "bundled": true
                },
                "safer-buffer": {
                    "version": "2.1.2",
                    "bundled": true
                },
                "sax": {
                    "version": "1.2.4",
                    "bundled": true
                },
                "semver": {
                    "version": "5.5.0",
                    "bundled": true
                },
                "set-blocking": {
                    "version": "2.0.0",
                    "bundled": true
                },
                "signal-exit": {
                    "version": "3.0.2",
                    "bundled": true
                },
                "string-width": {
                    "version": "1.0.2",
                    "bundled": true,
                    "requires": {
                        "code-point-at": "1.1.0",
                        "is-fullwidth-code-point": "1.0.0",
                        "strip-ansi": "3.0.1"
                    }
                },
                "string_decoder": {
                    "version": "1.0.3",
                    "bundled": true,
                    "requires": {
                        "safe-buffer": "5.1.1"
                    }
                },
                "strip-ansi": {
                    "version": "3.0.1",
                    "bundled": true,
                    "requires": {
                        "ansi-regex": "2.1.1"
                    }
                },
                "strip-json-comments": {
                    "version": "2.0.1",
                    "bundled": true
                },
                "tar": {
                    "version": "4.4.1",
                    "bundled": true,
                    "requires": {
                        "chownr": "1.0.1",
                        "fs-minipass": "1.2.5",
                        "minipass": "2.2.4",
                        "minizlib": "1.1.0",
                        "mkdirp": "0.5.1",
                        "safe-buffer": "5.1.1",
                        "yallist": "3.0.2"
                    },
                    "dependencies": {
                        "yallist": {
                            "version": "3.0.2",
                            "bundled": true
                        }
                    }
                },
                "util-deprecate": {
                    "version": "1.0.2",
                    "bundled": true
                },
                "wide-align": {
                    "version": "1.1.2",
                    "bundled": true,
                    "requires": {
                        "string-width": "1.0.2"
                    }
                },
                "wrappy": {
                    "version": "1.0.2",
                    "bundled": true
                }
            }
        },
        "body-parser": {
            "version": "1.17.1",
            "resolved": "https://registry.npmjs.org/body-parser/-/body-parser-1.17.1.tgz",
            "integrity": "sha1-dbO8mN3W5+DY/+dQ36ylxmmT+kc=",
            "requires": {
                "bytes": "2.4.0",
                "content-type": "1.0.4",
                "debug": "2.6.1",
                "depd": "1.1.2",
                "http-errors": "1.6.3",
                "iconv-lite": "0.4.15",
                "on-finished": "2.3.0",
                "qs": "6.4.0",
                "raw-body": "2.2.0",
                "type-is": "1.6.16"
            }
        },
        "buffer-from": {
            "version": "1.0.0",
            "resolved": "https://registry.npmjs.org/buffer-from/-/buffer-from-1.0.0.tgz",
            "integrity": "sha512-83apNb8KK0Se60UE1+4Ukbe3HbfELJ6UlI4ldtOGs7So4KD26orJM8hIY9lxdzP+UpItH1Yh/Y8GUvNFWFFRxA=="
        },
        "buffer-writer": {
            "version": "1.0.1",
            "resolved": "https://registry.npmjs.org/buffer-writer/-/buffer-writer-1.0.1.tgz",
            "integrity": "sha1-Iqk2kB4wKa/NdUfrRIfOtpejvwg="
        },
        "busboy": {
            "version": "0.2.14",
            "resolved": "https://registry.npmjs.org/busboy/-/busboy-0.2.14.tgz",
            "integrity": "sha1-bCpiLvz0fFe7vh4qnDetNseSVFM=",
            "requires": {
                "dicer": "0.2.5",
                "readable-stream": "1.1.14"
            }
        },
        "bytes": {
            "version": "2.4.0",
            "resolved": "https://registry.npmjs.org/bytes/-/bytes-2.4.0.tgz",
            "integrity": "sha1-fZcZb51br39pNeJZhVSe3SpsIzk="
        },
        "charenc": {
            "version": "0.0.2",
            "resolved": "https://registry.npmjs.org/charenc/-/charenc-0.0.2.tgz",
            "integrity": "sha1-wKHS86cJLgN3S/qD8UwPxXkKhmc=",
            "dev": true
        },
        "combined-stream": {
            "version": "1.0.6",
            "resolved": "https://registry.npmjs.org/combined-stream/-/combined-stream-1.0.6.tgz",
            "integrity": "sha1-cj599ugBrFYTETp+RFqbactjKBg=",
            "requires": {
                "delayed-stream": "1.0.0"
            }
        },
        "concat-stream": {
            "version": "1.6.2",
            "resolved": "https://registry.npmjs.org/concat-stream/-/concat-stream-1.6.2.tgz",
            "integrity": "sha512-27HBghJxjiZtIk3Ycvn/4kbJk/1uZuJFfuPEns6LaEvpvG1f0hTea8lilrouyo9mVc2GWdcEZ8OLoGmSADlrCw==",
            "requires": {
                "buffer-from": "1.0.0",
                "inherits": "2.0.3",
                "readable-stream": "2.3.6",
                "typedarray": "0.0.6"
            },
            "dependencies": {
                "isarray": {
                    "version": "1.0.0",
                    "resolved": "https://registry.npmjs.org/isarray/-/isarray-1.0.0.tgz",
                    "integrity": "sha1-u5NdSFgsuhaMBoNJV6VKPgcSTxE="
                },
                "readable-stream": {
                    "version": "2.3.6",
                    "resolved": "https://registry.npmjs.org/readable-stream/-/readable-stream-2.3.6.tgz",
                    "integrity": "sha512-tQtKA9WIAhBF3+VLAseyMqZeBjW0AHJoxOtYqSUZNJxauErmLbVm2FW1y+J/YA9dUrAC39ITejlZWhVIwawkKw==",
                    "requires": {
                        "core-util-is": "1.0.2",
                        "inherits": "2.0.3",
                        "isarray": "1.0.0",
                        "process-nextick-args": "2.0.0",
                        "safe-buffer": "5.1.2",
                        "string_decoder": "1.1.1",
                        "util-deprecate": "1.0.2"
                    }
                },
                "string_decoder": {
                    "version": "1.1.1",
                    "resolved": "https://registry.npmjs.org/string_decoder/-/string_decoder-1.1.1.tgz",
                    "integrity": "sha512-n/ShnvDi6FHbbVfviro+WojiFzv+s8MPMHBczVePfUpDJLwoLT0ht1l4YwBCbi8pJAveEEdnkHyPyTP/mzRfwg==",
                    "requires": {
                        "safe-buffer": "5.1.2"
                    }
                }
            }
        },
        "content-disposition": {
            "version": "0.5.1",
            "resolved": "https://registry.npmjs.org/content-disposition/-/content-disposition-0.5.1.tgz",
            "integrity": "sha1-h0dsamfI2qh+Muh2Ft+IO6f7Bxs="
        },
        "content-type": {
            "version": "1.0.4",
            "resolved": "https://registry.npmjs.org/content-type/-/content-type-1.0.4.tgz",
            "integrity": "sha512-hIP3EEPs8tB9AT1L+NUqtwOAps4mk2Zob89MWXMHjHWg9milF/j4osnnQLXBCBFBk/tvIG/tUc9mOUJiPBhPXA=="
        },
        "cookie": {
            "version": "0.3.1",
            "resolved": "https://registry.npmjs.org/cookie/-/cookie-0.3.1.tgz",
            "integrity": "sha1-5+Ch+e9DtMi6klxcWpboBtFoc7s="
        },
        "cookie-parser": {
            "version": "1.4.3",
            "resolved": "https://registry.npmjs.org/cookie-parser/-/cookie-parser-1.4.3.tgz",
            "integrity": "sha1-D+MfoZ0AC5X0qt8fU/3CuKIDuqU=",
            "requires": {
                "cookie": "0.3.1",
                "cookie-signature": "1.0.6"
            }
        },
        "cookie-signature": {
            "version": "1.0.6",
            "resolved": "https://registry.npmjs.org/cookie-signature/-/cookie-signature-1.0.6.tgz",
            "integrity": "sha1-4wOogrNCzD7oylE6eZmXNNqzriw="
        },
        "core-util-is": {
            "version": "1.0.2",
            "resolved": "https://registry.npmjs.org/core-util-is/-/core-util-is-1.0.2.tgz",
            "integrity": "sha1-tf1UIgqivFq1eqtxQMlAdUUDwac="
        },
        "crypt": {
            "version": "0.0.2",
            "resolved": "https://registry.npmjs.org/crypt/-/crypt-0.0.2.tgz",
            "integrity": "sha1-iNf/fsDfuG9xPch7u0LQRNPmxBs=",
            "dev": true
        },
        "debug": {
            "version": "2.6.1",
            "resolved": "https://registry.npmjs.org/debug/-/debug-2.6.1.tgz",
            "integrity": "sha1-eYVQkLosTjEVzH2HaUkdWPBJE1E=",
            "requires": {
                "ms": "0.7.2"
            }
        },
        "deep-equal": {
            "version": "1.0.1",
            "resolved": "https://registry.npmjs.org/deep-equal/-/deep-equal-1.0.1.tgz",
            "integrity": "sha1-9dJgKStmDghO/0zbyfCK0yR0SLU=",
            "dev": true
        },
        "delayed-stream": {
            "version": "1.0.0",
            "resolved": "https://registry.npmjs.org/delayed-stream/-/delayed-stream-1.0.0.tgz",
            "integrity": "sha1-3zrhmayt+31ECqrgsp4icrJOxhk="
        },
        "depd": {
            "version": "1.1.2",
            "resolved": "https://registry.npmjs.org/depd/-/depd-1.1.2.tgz",
            "integrity": "sha1-m81S4UwJd2PnSbJ0xDRu0uVgtak="
        },
        "destroy": {
            "version": "1.0.4",
            "resolved": "https://registry.npmjs.org/destroy/-/destroy-1.0.4.tgz",
            "integrity": "sha1-l4hXRCxEdJ5CBmE+N5RiBYJqvYA="
        },
        "dicer": {
            "version": "0.2.5",
            "resolved": "https://registry.npmjs.org/dicer/-/dicer-0.2.5.tgz",
            "integrity": "sha1-WZbAhrszIYyBLAkL3cCc0S+stw8=",
            "requires": {
                "readable-stream": "1.1.14",
                "streamsearch": "0.1.2"
            }
        },
        "ee-first": {
            "version": "1.1.1",
            "resolved": "https://registry.npmjs.org/ee-first/-/ee-first-1.1.1.tgz",
            "integrity": "sha1-WQxhFWsK4vTwJVcyoViyZrxWsh0="
        },
        "encodeurl": {
            "version": "1.0.2",
            "resolved": "https://registry.npmjs.org/encodeurl/-/encodeurl-1.0.2.tgz",
            "integrity": "sha1-rT/0yG7C0CkyL1oCw6mmBslbP1k="
        },
        "escape-html": {
            "version": "1.0.3",
            "resolved": "https://registry.npmjs.org/escape-html/-/escape-html-1.0.3.tgz",
            "integrity": "sha1-Aljq5NPQwJdN4cFpGI7wBR0dGYg="
        },
        "etag": {
            "version": "1.7.0",
            "resolved": "https://registry.npmjs.org/etag/-/etag-1.7.0.tgz",
            "integrity": "sha1-A9MLX2fdbmMtKUXTDWZScxo01dg="
        },
        "express": {
            "version": "4.14.0",
            "resolved": "https://registry.npmjs.org/express/-/express-4.14.0.tgz",
            "integrity": "sha1-we4/Qs3Ikfs9xlCoki1R7IR9DWY=",
            "requires": {
                "accepts": "1.3.5",
                "array-flatten": "1.1.1",
                "content-disposition": "0.5.1",
                "content-type": "1.0.4",
                "cookie": "0.3.1",
                "cookie-signature": "1.0.6",
                "debug": "2.2.0",
                "depd": "1.1.2",
                "encodeurl": "1.0.2",
                "escape-html": "1.0.3",
                "etag": "1.7.0",
                "finalhandler": "0.5.0",
                "fresh": "0.3.0",
                "merge-descriptors": "1.0.1",
                "methods": "1.1.2",
                "on-finished": "2.3.0",
                "parseurl": "1.3.2",
                "path-to-regexp": "0.1.7",
                "proxy-addr": "1.1.5",
                "qs": "6.2.0",
                "range-parser": "1.2.0",
                "send": "0.14.1",
                "serve-static": "1.11.2",
                "type-is": "1.6.16",
                "utils-merge": "1.0.0",
                "vary": "1.1.2"
            },
            "dependencies": {
                "debug": {
                    "version": "2.2.0",
                    "resolved": "https://registry.npmjs.org/debug/-/debug-2.2.0.tgz",
                    "integrity": "sha1-+HBX6ZWxofauaklgZkE3vFbwOdo=",
                    "requires": {
                        "ms": "0.7.1"
                    }
                },
                "ms": {
                    "version": "0.7.1",
                    "resolved": "https://registry.npmjs.org/ms/-/ms-0.7.1.tgz",
                    "integrity": "sha1-nNE8A62/8ltl7/3nzoZO6VIBcJg="
                },
                "qs": {
                    "version": "6.2.0",
                    "resolved": "https://registry.npmjs.org/qs/-/qs-6.2.0.tgz",
                    "integrity": "sha1-O3hIwDwt7OaalSKw+ujEEm10Xzs="
                }
            }
        },
        "finalhandler": {
            "version": "0.5.0",
            "resolved": "https://registry.npmjs.org/finalhandler/-/finalhandler-0.5.0.tgz",
            "integrity": "sha1-6VCKvs6bbbqHGmlCodeRG5GRGsc=",
            "requires": {
                "debug": "2.2.0",
                "escape-html": "1.0.3",
                "on-finished": "2.3.0",
                "statuses": "1.3.1",
                "unpipe": "1.0.0"
            },
            "dependencies": {
                "debug": {
                    "version": "2.2.0",
                    "resolved": "https://registry.npmjs.org/debug/-/debug-2.2.0.tgz",
                    "integrity": "sha1-+HBX6ZWxofauaklgZkE3vFbwOdo=",
                    "requires": {
                        "ms": "0.7.1"
                    }
                },
                "ms": {
                    "version": "0.7.1",
                    "resolved": "https://registry.npmjs.org/ms/-/ms-0.7.1.tgz",
                    "integrity": "sha1-nNE8A62/8ltl7/3nzoZO6VIBcJg="
                },
                "statuses": {
                    "version": "1.3.1",
                    "resolved": "https://registry.npmjs.org/statuses/-/statuses-1.3.1.tgz",
                    "integrity": "sha1-+vUbnrdKrvOzrPStX2Gr8ky3uT4="
                }
            }
        },
        "form-data": {
            "version": "2.3.2",
            "resolved": "https://registry.npmjs.org/form-data/-/form-data-2.3.2.tgz",
            "integrity": "sha1-SXBJi+YEwgwAXU9cI67NIda0kJk=",
            "requires": {
                "asynckit": "0.4.0",
                "combined-stream": "1.0.6",
                "mime-types": "2.1.18"
            }
        },
        "forwarded": {
            "version": "0.1.2",
            "resolved": "https://registry.npmjs.org/forwarded/-/forwarded-0.1.2.tgz",
            "integrity": "sha1-mMI9qxF1ZXuMBXPozszZGw/xjIQ="
        },
        "fresh": {
            "version": "0.3.0",
            "resolved": "https://registry.npmjs.org/fresh/-/fresh-0.3.0.tgz",
            "integrity": "sha1-ZR+DjiJCTnVm3hYdg1jKoZn4PU8="
        },
        "http-errors": {
            "version": "1.6.3",
            "resolved": "https://registry.npmjs.org/http-errors/-/http-errors-1.6.3.tgz",
            "integrity": "sha1-i1VoC7S+KDoLW/TqLjhYC+HZMg0=",
            "requires": {
                "depd": "1.1.2",
                "inherits": "2.0.3",
                "setprototypeof": "1.1.0",
                "statuses": "1.5.0"
            }
        },
        "iconv-lite": {
            "version": "0.4.15",
            "resolved": "https://registry.npmjs.org/iconv-lite/-/iconv-lite-0.4.15.tgz",
            "integrity": "sha1-/iZaIYrGpXz+hUkn6dBMGYJe3es="
        },
        "inherits": {
            "version": "2.0.3",
            "resolved": "https://registry.npmjs.org/inherits/-/inherits-2.0.3.tgz",
            "integrity": "sha1-Yzwsg+PaQqUC9SRmAiSA9CCCYd4="
        },
        "ipaddr.js": {
            "version": "1.4.0",
            "resolved": "https://registry.npmjs.org/ipaddr.js/-/ipaddr.js-1.4.0.tgz",
            "integrity": "sha1-KWrKh4qCGBbluF0KKFqZvP9FgvA="
        },
        "isarray": {
            "version": "0.0.1",
            "resolved": "https://registry.npmjs.org/isarray/-/isarray-0.0.1.tgz",
            "integrity": "sha1-ihis/Kmo9Bd+Cav8YDiTmwXR7t8="
        },
        "media-typer": {
            "version": "0.3.0",
            "resolved": "https://registry.npmjs.org/media-typer/-/media-typer-0.3.0.tgz",
            "integrity": "sha1-hxDXrwqmJvj/+hzgAWhUUmMlV0g="
        },
        "merge-descriptors": {
            "version": "1.0.1",
            "resolved": "https://registry.npmjs.org/merge-descriptors/-/merge-descriptors-1.0.1.tgz",
            "integrity": "sha1-sAqqVW3YtEVoFQ7J0blT8/kMu2E="
        },
        "methods": {
            "version": "1.1.2",
            "resolved": "https://registry.npmjs.org/methods/-/methods-1.1.2.tgz",
            "integrity": "sha1-VSmk1nZUE07cxSZmVoNbD4Ua/O4="
        },
        "mime": {
            "version": "1.4.1",
            "resolved": "https://registry.npmjs.org/mime/-/mime-1.3.4.tgz",
            "integrity": "sha1-EV+eO2s9rylZmDyzjxSaLUDrXVM="
        },
        "mime-db": {
            "version": "1.33.0",
            "resolved": "https://registry.npmjs.org/mime-db/-/mime-db-1.33.0.tgz",
            "integrity": "sha512-BHJ/EKruNIqJf/QahvxwQZXKygOQ256myeN/Ew+THcAa5q+PjyTTMMeNQC4DZw5AwfvelsUrA6B67NKMqXDbzQ=="
        },
        "mime-types": {
            "version": "2.1.18",
            "resolved": "https://registry.npmjs.org/mime-types/-/mime-types-2.1.18.tgz",
            "integrity": "sha512-lc/aahn+t4/SWV/qcmumYjymLsWfN3ELhpmVuUFjgsORruuZPVSwAQryq+HHGvO/SI2KVX26bx+En+zhM8g8hQ==",
            "requires": {
                "mime-db": "1.33.0"
            }
        },
        "minimist": {
            "version": "0.0.8",
            "resolved": "https://registry.npmjs.org/minimist/-/minimist-0.0.8.tgz",
            "integrity": "sha1-hX/Kv8M5fSYluCKCYuhqp6ARsF0="
        },
        "mkdirp": {
            "version": "0.5.1",
            "resolved": "https://registry.npmjs.org/mkdirp/-/mkdirp-0.5.1.tgz",
            "integrity": "sha1-MAV0OOrGz3+MR2fzhkjWaX11yQM=",
            "requires": {
                "minimist": "0.0.8"
            }
        },
        "ms": {
            "version": "0.7.2",
            "resolved": "https://registry.npmjs.org/ms/-/ms-0.7.2.tgz",
            "integrity": "sha1-riXPJRKziFodldfwN4aNhDESR2U="
        },
        "multer": {
            "version": "1.3.0",
            "resolved": "https://registry.npmjs.org/multer/-/multer-1.3.0.tgz",
            "integrity": "sha1-CSsmcPaEb6SRSWXvyM+Uwg/sbNI=",
            "requires": {
                "append-field": "0.1.0",
                "busboy": "0.2.14",
                "concat-stream": "1.6.2",
                "mkdirp": "0.5.1",
                "object-assign": "3.0.0",
                "on-finished": "2.3.0",
                "type-is": "1.6.16",
                "xtend": "4.0.1"
            }
        },
        "nan": {
            "version": "2.10.0",
            "resolved": "https://registry.npmjs.org/nan/-/nan-2.10.0.tgz",
            "integrity": "sha512-bAdJv7fBLhWC+/Bls0Oza+mvTaNQtP+1RyhhhvD95pgUJz6XM5IzgmxOkItJ9tkoCiplvAnXI1tNmmUD/eScyA=="
        },
        "negotiator": {
            "version": "0.6.1",
            "resolved": "https://registry.npmjs.org/negotiator/-/negotiator-0.6.1.tgz",
            "integrity": "sha1-KzJxhOiZIQEXeyhWP7XnECrNDKk="
        },
        "node-fetch": {
            "version": "2.1.2",
            "resolved": "https://registry.npmjs.org/node-fetch/-/node-fetch-2.1.2.tgz",
            "integrity": "sha1-q4hOjn5X44qUR1POxwb3iNF2i7U="
        },
        "object-assign": {
            "version": "3.0.0",
            "resolved": "https://registry.npmjs.org/object-assign/-/object-assign-3.0.0.tgz",
            "integrity": "sha1-m+3VygiXlJvKR+f/QIBi1Un1h/I="
        },
        "on-finished": {
            "version": "2.3.0",
            "resolved": "https://registry.npmjs.org/on-finished/-/on-finished-2.3.0.tgz",
            "integrity": "sha1-IPEzZIGwg811M3mSoWlxqi2QaUc=",
            "requires": {
                "ee-first": "1.1.1"
            }
        },
        "packet-reader": {
            "version": "0.3.1",
            "resolved": "https://registry.npmjs.org/packet-reader/-/packet-reader-0.3.1.tgz",
            "integrity": "sha1-zWLmCvjX/qinBexP+ZCHHEaHHyc="
        },
        "parseurl": {
            "version": "1.3.2",
            "resolved": "https://registry.npmjs.org/parseurl/-/parseurl-1.3.2.tgz",
            "integrity": "sha1-/CidTtiZMRlGDBViUyYs3I3mW/M="
        },
        "path-to-regexp": {
            "version": "0.1.7",
            "resolved": "https://registry.npmjs.org/path-to-regexp/-/path-to-regexp-0.1.7.tgz",
            "integrity": "sha1-32BBeABfUi8V60SQ5yR6G/qmf4w="
        },
        "pg": {
            "version": "7.4.3",
            "resolved": "https://registry.npmjs.org/pg/-/pg-7.4.3.tgz",
            "integrity": "sha1-97b5P1NA7MJZavu5ShPj1rYJg0s=",
            "requires": {
                "buffer-writer": "1.0.1",
                "packet-reader": "0.3.1",
                "pg-connection-string": "0.1.3",
                "pg-pool": "2.0.3",
                "pg-types": "1.12.1",
                "pgpass": "1.0.2",
                "semver": "4.3.2"
            }
        },
        "pg-connection-string": {
            "version": "0.1.3",
            "resolved": "https://registry.npmjs.org/pg-connection-string/-/pg-connection-string-0.1.3.tgz",
            "integrity": "sha1-2hhHsglA5C7hSSvq9l1J2RskXfc="
        },
        "pg-pool": {
            "version": "2.0.3",
            "resolved": "https://registry.npmjs.org/pg-pool/-/pg-pool-2.0.3.tgz",
            "integrity": "sha1-wCIDLIlJ8xKk+R+2QJzgQHa+Mlc="
        },
        "pg-types": {
            "version": "1.12.1",
            "resolved": "https://registry.npmjs.org/pg-types/-/pg-types-1.12.1.tgz",
            "integrity": "sha1-1kCH45A7WP+q0nnnWVxSIIoUw9I=",
            "requires": {
                "postgres-array": "1.0.2",
                "postgres-bytea": "1.0.0",
                "postgres-date": "1.0.3",
                "postgres-interval": "1.1.1"
            }
        },
        "pgpass": {
            "version": "1.0.2",
            "resolved": "https://registry.npmjs.org/pgpass/-/pgpass-1.0.2.tgz",
            "integrity": "sha1-Knu0G2BltnkH6R2hsHwYR8h3swY=",
            "requires": {
                "split": "1.0.1"
            }
        },
        "postgres-array": {
            "version": "1.0.2",
            "resolved": "https://registry.npmjs.org/postgres-array/-/postgres-array-1.0.2.tgz",
            "integrity": "sha1-jgsy6wO/d6XAp4UeBEHBaaJWojg="
        },
        "postgres-bytea": {
            "version": "1.0.0",
            "resolved": "https://registry.npmjs.org/postgres-bytea/-/postgres-bytea-1.0.0.tgz",
            "integrity": "sha1-AntTPAqokOJtFy1Hz5zOzFIazTU="
        },
        "postgres-date": {
            "version": "1.0.3",
            "resolved": "https://registry.npmjs.org/postgres-date/-/postgres-date-1.0.3.tgz",
            "integrity": "sha1-4tiXAu/bJY/52c7g/pG9BpdSV6g="
        },
        "postgres-interval": {
            "version": "1.1.1",
            "resolved": "https://registry.npmjs.org/postgres-interval/-/postgres-interval-1.1.1.tgz",
            "integrity": "sha512-OkuCi9t/3CZmeQreutGgx/OVNv9MKHGIT5jH8KldQ4NLYXkvmT9nDVxEuCENlNwhlGPE374oA/xMqn05G49pHA==",
            "requires": {
                "xtend": "4.0.1"
            }
        },
        "process-nextick-args": {
            "version": "2.0.0",
            "resolved": "https://registry.npmjs.org/process-nextick-args/-/process-nextick-args-2.0.0.tgz",
            "integrity": "sha512-MtEC1TqN0EU5nephaJ4rAtThHtC86dNN9qCuEhtshvpVBkAW5ZO7BASN9REnF9eoXGcRub+pFuKEpOHE+HbEMw=="
        },
        "proxy-addr": {
            "version": "1.1.5",
            "resolved": "https://registry.npmjs.org/proxy-addr/-/proxy-addr-1.1.5.tgz",
            "integrity": "sha1-ccDuOxAt4/IC87ZPYI0XP8uhqRg=",
            "requires": {
                "forwarded": "0.1.2",
                "ipaddr.js": "1.4.0"
            }
        },
        "qs": {
            "version": "6.4.0",
            "resolved": "https://registry.npmjs.org/qs/-/qs-6.4.0.tgz",
            "integrity": "sha1-E+JtKK1rD/qpExLNO/cI7TUecjM="
        },
        "range-parser": {
            "version": "1.2.0",
            "resolved": "https://registry.npmjs.org/range-parser/-/range-parser-1.2.0.tgz",
            "integrity": "sha1-9JvmtIeJTdxA3MlKMi9hEJLgDV4="
        },
        "raw-body": {
            "version": "2.2.0",
            "resolved": "https://registry.npmjs.org/raw-body/-/raw-body-2.2.0.tgz",
            "integrity": "sha1-mUl2z2pQlqQRYoQEkvC9xdbn+5Y=",
            "requires": {
                "bytes": "2.4.0",
                "iconv-lite": "0.4.15",
                "unpipe": "1.0.0"
            }
        },
        "readable-stream": {
            "version": "1.1.14",
            "resolved": "https://registry.npmjs.org/readable-stream/-/readable-stream-1.1.14.tgz",
            "integrity": "sha1-fPTFTvZI44EwhMY23SB54WbAgdk=",
            "requires": {
                "core-util-is": "1.0.2",
                "inherits": "2.0.3",
                "isarray": "0.0.1",
                "string_decoder": "0.10.31"
            }
        },
        "safe-buffer": {
            "version": "5.1.2",
            "resolved": "https://registry.npmjs.org/safe-buffer/-/safe-buffer-5.1.2.tgz",
            "integrity": "sha512-Gd2UZBJDkXlY7GbJxfsE8/nvKkUEU1G38c1siN6QP6a9PT9MmHB8GnpscSmMJSoF8LOIrt8ud/wPtojys4G6+g=="
        },
        "semver": {
            "version": "4.3.2",
            "resolved": "https://registry.npmjs.org/semver/-/semver-4.3.2.tgz",
            "integrity": "sha1-x6BxWKgL7dBSNVt3DYLWZA+AO+c="
        },
        "send": {
            "version": "0.14.1",
            "resolved": "https://registry.npmjs.org/send/-/send-0.14.1.tgz",
            "integrity": "sha1-qVSYQyU5L1FTKndgdg5FlZjIn3o=",
            "requires": {
                "debug": "2.2.0",
                "depd": "1.1.2",
                "destroy": "1.0.4",
                "encodeurl": "1.0.2",
                "escape-html": "1.0.3",
                "etag": "1.7.0",
                "fresh": "0.3.0",
                "http-errors": "1.5.1",
                "mime": "1.3.4",
                "ms": "0.7.1",
                "on-finished": "2.3.0",
                "range-parser": "1.2.0",
                "statuses": "1.3.1"
            },
            "dependencies": {
                "debug": {
                    "version": "2.2.0",
                    "resolved": "https://registry.npmjs.org/debug/-/debug-2.2.0.tgz",
                    "integrity": "sha1-+HBX6ZWxofauaklgZkE3vFbwOdo=",
                    "requires": {
                        "ms": "0.7.1"
                    }
                },
                "http-errors": {
                    "version": "1.5.1",
                    "resolved": "https://registry.npmjs.org/http-errors/-/http-errors-1.5.1.tgz",
                    "integrity": "sha1-eIwNLB3iyBuebowBhDtrl+uSB1A=",
                    "requires": {
                        "inherits": "2.0.3",
                        "setprototypeof": "1.0.2",
                        "statuses": "1.3.1"
                    }
                },
                "ms": {
                    "version": "0.7.1",
                    "resolved": "https://registry.npmjs.org/ms/-/ms-0.7.1.tgz",
                    "integrity": "sha1-nNE8A62/8ltl7/3nzoZO6VIBcJg="
                },
                "setprototypeof": {
                    "version": "1.0.2",
                    "resolved": "https://registry.npmjs.org/setprototypeof/-/setprototypeof-1.0.2.tgz",
                    "integrity": "sha1-gaVSFB7BBLiOic44MQOtXGZWTQg="
                },
                "statuses": {
                    "version": "1.3.1",
                    "resolved": "https://registry.npmjs.org/statuses/-/statuses-1.3.1.tgz",
                    "integrity": "sha1-+vUbnrdKrvOzrPStX2Gr8ky3uT4="
                }
            }
        },
        "serve-index": {
            "version": "1.8.0",
            "resolved": "https://registry.npmjs.org/serve-index/-/serve-index-1.8.0.tgz",
            "integrity": "sha1-fF2WwT+xMRAfk8HFd0+FFqHnjTs=",
            "requires": {
                "accepts": "1.3.5",
                "batch": "0.5.3",
                "debug": "2.2.0",
                "escape-html": "1.0.3",
                "http-errors": "1.5.1",
                "mime-types": "2.1.18",
                "parseurl": "1.3.2"
            },
            "dependencies": {
                "debug": {
                    "version": "2.2.0",
                    "resolved": "https://registry.npmjs.org/debug/-/debug-2.2.0.tgz",
                    "integrity": "sha1-+HBX6ZWxofauaklgZkE3vFbwOdo=",
                    "requires": {
                        "ms": "0.7.1"
                    }
                },
                "http-errors": {
                    "version": "1.5.1",
                    "resolved": "https://registry.npmjs.org/http-errors/-/http-errors-1.5.1.tgz",
                    "integrity": "sha1-eIwNLB3iyBuebowBhDtrl+uSB1A=",
                    "requires": {
                        "inherits": "2.0.3",
                        "setprototypeof": "1.0.2",
                        "statuses": "1.5.0"
                    }
                },
                "ms": {
                    "version": "0.7.1",
                    "resolved": "https://registry.npmjs.org/ms/-/ms-0.7.1.tgz",
                    "integrity": "sha1-nNE8A62/8ltl7/3nzoZO6VIBcJg="
                },
                "setprototypeof": {
                    "version": "1.0.2",
                    "resolved": "https://registry.npmjs.org/setprototypeof/-/setprototypeof-1.0.2.tgz",
                    "integrity": "sha1-gaVSFB7BBLiOic44MQOtXGZWTQg="
                }
            }
        },
        "serve-static": {
            "version": "1.11.2",
            "resolved": "https://registry.npmjs.org/serve-static/-/serve-static-1.11.2.tgz",
            "integrity": "sha1-LPmIm9RDWjIMw2iVyapXvWYuasc=",
            "requires": {
                "encodeurl": "1.0.2",
                "escape-html": "1.0.3",
                "parseurl": "1.3.2",
                "send": "0.14.2"
            },
            "dependencies": {
                "debug": {
                    "version": "2.2.0",
                    "resolved": "https://registry.npmjs.org/debug/-/debug-2.2.0.tgz",
                    "integrity": "sha1-+HBX6ZWxofauaklgZkE3vFbwOdo=",
                    "requires": {
                        "ms": "0.7.1"
                    },
                    "dependencies": {
                        "ms": {
                            "version": "0.7.1",
                            "resolved": "https://registry.npmjs.org/ms/-/ms-0.7.1.tgz",
                            "integrity": "sha1-nNE8A62/8ltl7/3nzoZO6VIBcJg="
                        }
                    }
                },
                "http-errors": {
                    "version": "1.5.1",
                    "resolved": "https://registry.npmjs.org/http-errors/-/http-errors-1.5.1.tgz",
                    "integrity": "sha1-eIwNLB3iyBuebowBhDtrl+uSB1A=",
                    "requires": {
                        "inherits": "2.0.3",
                        "setprototypeof": "1.0.2",
                        "statuses": "1.3.1"
                    }
                },
                "send": {
                    "version": "0.14.2",
                    "resolved": "https://registry.npmjs.org/send/-/send-0.14.2.tgz",
                    "integrity": "sha1-ObBDiz9RC+Xcb2Z6EfcWiTaM3u8=",
                    "requires": {
                        "debug": "2.2.0",
                        "depd": "1.1.2",
                        "destroy": "1.0.4",
                        "encodeurl": "1.0.2",
                        "escape-html": "1.0.3",
                        "etag": "1.7.0",
                        "fresh": "0.3.0",
                        "http-errors": "1.5.1",
                        "mime": "1.3.4",
                        "ms": "0.7.2",
                        "on-finished": "2.3.0",
                        "range-parser": "1.2.0",
                        "statuses": "1.3.1"
                    }
                },
                "setprototypeof": {
                    "version": "1.0.2",
                    "resolved": "https://registry.npmjs.org/setprototypeof/-/setprototypeof-1.0.2.tgz",
                    "integrity": "sha1-gaVSFB7BBLiOic44MQOtXGZWTQg="
                },
                "statuses": {
                    "version": "1.3.1",
                    "resolved": "https://registry.npmjs.org/statuses/-/statuses-1.3.1.tgz",
                    "integrity": "sha1-+vUbnrdKrvOzrPStX2Gr8ky3uT4="
                }
            }
        },
        "setprototypeof": {
            "version": "1.1.0",
            "resolved": "https://registry.npmjs.org/setprototypeof/-/setprototypeof-1.1.0.tgz",
            "integrity": "sha512-BvE/TwpZX4FXExxOxZyRGQQv651MSwmWKZGqvmPcRIjDqWub67kTKuIMx43cZZrS/cBBzwBcNDWoFxt2XEFIpQ=="
        },
        "sha1": {
            "version": "1.1.1",
            "resolved": "https://registry.npmjs.org/sha1/-/sha1-1.1.1.tgz",
            "integrity": "sha1-rdqnqTFo85PxnrKxUJFhjicA+Eg=",
            "dev": true,
            "requires": {
                "charenc": "0.0.2",
                "crypt": "0.0.2"
            }
        },
        "split": {
            "version": "1.0.1",
            "resolved": "https://registry.npmjs.org/split/-/split-1.0.1.tgz",
            "integrity": "sha512-mTyOoPbrivtXnwnIxZRFYRrPNtEFKlpB2fvjSnCQUiAA6qAZzqwna5envK4uk6OIeP17CsdF3rSBGYVBsU0Tkg==",
            "requires": {
                "through": "2.3.8"
            }
        },
        "statuses": {
            "version": "1.5.0",
            "resolved": "https://registry.npmjs.org/statuses/-/statuses-1.5.0.tgz",
            "integrity": "sha1-Fhx9rBd2Wf2YEfQ3cfqZOBR4Yow="
        },
        "streamsearch": {
            "version": "0.1.2",
            "resolved": "https://registry.npmjs.org/streamsearch/-/streamsearch-0.1.2.tgz",
            "integrity": "sha1-gIudDlb8Jz2Am6VzOOkpkZoanxo="
        },
        "string_decoder": {
            "version": "0.10.31",
            "resolved": "https://registry.npmjs.org/string_decoder/-/string_decoder-0.10.31.tgz",
            "integrity": "sha1-YuIDvEF2bGwoyfyEMB2rHFMQ+pQ="
        },
        "through": {
            "version": "2.3.8",
            "resolved": "https://registry.npmjs.org/through/-/through-2.3.8.tgz",
            "integrity": "sha1-DdTJ/6q8NXlgsbckEV1+Doai4fU="
        },
        "type-is": {
            "version": "1.6.16",
            "resolved": "https://registry.npmjs.org/type-is/-/type-is-1.6.16.tgz",
            "integrity": "sha512-HRkVv/5qY2G6I8iab9cI7v1bOIdhm94dVjQCPFElW9W+3GeDOSHmy2EBYe4VTApuzolPcmgFTN3ftVJRKR2J9Q==",
            "requires": {
                "media-typer": "0.3.0",
                "mime-types": "2.1.18"
            }
        },
        "typedarray": {
            "version": "0.0.6",
            "resolved": "https://registry.npmjs.org/typedarray/-/typedarray-0.0.6.tgz",
            "integrity": "sha1-hnrHTjhkGHsdPUfZlqeOxciDB3c="
        },
        "unpipe": {
            "version": "1.0.0",
            "resolved": "https://registry.npmjs.org/unpipe/-/unpipe-1.0.0.tgz",
            "integrity": "sha1-sr9O6FFKrmFltIF4KdIbLvSZBOw="
        },
        "util-deprecate": {
            "version": "1.0.2",
            "resolved": "https://registry.npmjs.org/util-deprecate/-/util-deprecate-1.0.2.tgz",
            "integrity": "sha1-RQ1Nyfpw3nMnYvvS1KKJgUGaDM8="
        },
        "utils-merge": {
            "version": "1.0.0",
            "resolved": "https://registry.npmjs.org/utils-merge/-/utils-merge-1.0.0.tgz",
            "integrity": "sha1-ApT7kiu5N1FTVBxPcJYjHyh8ivg="
        },
        "vary": {
            "version": "1.1.2",
            "resolved": "https://registry.npmjs.org/vary/-/vary-1.1.2.tgz",
            "integrity": "sha1-IpnwLG3tMNSllhsLn3RSShj2NPw="
        },
        "xtend": {
            "version": "4.0.1",
            "resolved": "https://registry.npmjs.org/xtend/-/xtend-4.0.1.tgz",
            "integrity": "sha1-pcbVMr5lbiPbgg77lDofBJmNY68="
        }
    }
}
